{
	"name": "bloggy-engine",
	"version": "1.0.4",
	"lockfileVersion": 3,
	"requires": true,
	"packages": {
		"": {
			"name": "bloggy-engine",
			"version": "1.0.4",
			"license": "GPL-3.0",
			"dependencies": {
				"colors": "^1.4.0",
				"feed": "^4.2.2",
				"markdown-it": "^13.0.1",
				"sitemap": "^7.1.1"
			}
		},
		"node_modules/@types/node": {
			"version": "17.0.45",
			"resolved": "https://registry.npmjs.org/@types/node/-/node-17.0.45.tgz",
			"integrity": "sha512-w+tIMs3rq2afQdsPJlODhoUEKzFP1ayaoyl1CcnwtIlsVe7K7bA1NGm4s3PraqTLlXnbIN84zuBlxBWo1u9BLw=="
		},
		"node_modules/@types/sax": {
			"version": "1.2.4",
			"resolved": "https://registry.npmjs.org/@types/sax/-/sax-1.2.4.tgz",
			"integrity": "sha512-pSAff4IAxJjfAXUG6tFkO7dsSbTmf8CtUpfhhZ5VhkRpC4628tJhh3+V6H1E+/Gs9piSzYKT5yzHO5M4GG9jkw==",
			"dependencies": {
				"@types/node": "*"
			}
		},
		"node_modules/arg": {
			"version": "5.0.2",
			"resolved": "https://registry.npmjs.org/arg/-/arg-5.0.2.tgz",
			"integrity": "sha512-PYjyFOLKQ9y57JvQ6QLo8dAgNqswh8M1RMJYdQduT6xbWSgK36P/Z/v+p888pM69jMMfS8Xd8F6I1kQ/I9HUGg=="
		},
		"node_modules/argparse": {
			"version": "2.0.1",
			"resolved": "https://registry.npmjs.org/argparse/-/argparse-2.0.1.tgz",
			"integrity": "sha512-8+9WqebbFzpX9OR+Wa6O29asIogeRMzcGtAINdpMHHyAg10f05aSFVBbcEqGf/PXw1EjAZ+q2/bEBg3DvurK3Q=="
		},
		"node_modules/colors": {
			"version": "1.4.0",
			"resolved": "https://registry.npmjs.org/colors/-/colors-1.4.0.tgz",
			"integrity": "sha512-a+UqTh4kgZg/SlGvfbzDHpgRu7AAQOmmqRHJnxhRZICKFUT91brVhNNt58CMWU9PsBbv3PDCZUHbVxuDiH2mtA==",
			"engines": {
				"node": ">=0.1.90"
			}
		},
		"node_modules/entities": {
			"version": "3.0.1",
			"resolved": "https://registry.npmjs.org/entities/-/entities-3.0.1.tgz",
			"integrity": "sha512-WiyBqoomrwMdFG1e0kqvASYfnlb0lp8M5o5Fw2OFq1hNZxxcNk8Ik0Xm7LxzBhuidnZB/UtBqVCgUz3kBOP51Q==",
			"engines": {
				"node": ">=0.12"
			},
			"funding": {
				"url": "https://github.com/fb55/entities?sponsor=1"
			}
		},
		"node_modules/feed": {
			"version": "4.2.2",
			"resolved": "https://registry.npmjs.org/feed/-/feed-4.2.2.tgz",
			"integrity": "sha512-u5/sxGfiMfZNtJ3OvQpXcvotFpYkL0n9u9mM2vkui2nGo8b4wvDkJ8gAkYqbA8QpGyFCv3RK0Z+Iv+9veCS9bQ==",
			"dependencies": {
				"xml-js": "^1.6.11"
			},
			"engines": {
				"node": ">=0.4.0"
			}
		},
		"node_modules/linkify-it": {
			"version": "4.0.1",
			"resolved": "https://registry.npmjs.org/linkify-it/-/linkify-it-4.0.1.tgz",
			"integrity": "sha512-C7bfi1UZmoj8+PQx22XyeXCuBlokoyWQL5pWSP+EI6nzRylyThouddufc2c1NDIcP9k5agmN9fLpA7VNJfIiqw==",
			"dependencies": {
				"uc.micro": "^1.0.1"
			}
		},
		"node_modules/markdown-it": {
			"version": "13.0.1",
			"resolved": "https://registry.npmjs.org/markdown-it/-/markdown-it-13.0.1.tgz",
			"integrity": "sha512-lTlxriVoy2criHP0JKRhO2VDG9c2ypWCsT237eDiLqi09rmbKoUetyGHq2uOIRoRS//kfoJckS0eUzzkDR+k2Q==",
			"dependencies": {
				"argparse": "^2.0.1",
				"entities": "~3.0.1",
				"linkify-it": "^4.0.1",
				"mdurl": "^1.0.1",
				"uc.micro": "^1.0.5"
			},
			"bin": {
				"markdown-it": "bin/markdown-it.js"
			}
		},
		"node_modules/mdurl": {
			"version": "1.0.1",
			"resolved": "https://registry.npmjs.org/mdurl/-/mdurl-1.0.1.tgz",
			"integrity": "sha512-/sKlQJCBYVY9Ers9hqzKou4H6V5UWc/M59TH2dvkt+84itfnq7uFOMLpOiOS4ujvHP4etln18fmIxA5R5fll0g=="
		},
		"node_modules/sax": {
			"version": "1.2.4",
			"resolved": "https://registry.npmjs.org/sax/-/sax-1.2.4.tgz",
			"integrity": "sha512-NqVDv9TpANUjFm0N8uM5GxL36UgKi9/atZw+x7YFnQ8ckwFGKrl4xX4yWtrey3UJm5nP1kUbnYgLopqWNSRhWw=="
		},
		"node_modules/sitemap": {
			"version": "7.1.1",
			"resolved": "https://registry.npmjs.org/sitemap/-/sitemap-7.1.1.tgz",
			"integrity": "sha512-mK3aFtjz4VdJN0igpIJrinf3EO8U8mxOPsTBzSsy06UtjZQJ3YY3o3Xa7zSc5nMqcMrRwlChHZ18Kxg0caiPBg==",
			"dependencies": {
				"@types/node": "^17.0.5",
				"@types/sax": "^1.2.1",
				"arg": "^5.0.0",
				"sax": "^1.2.4"
			},
			"bin": {
				"sitemap": "dist/cli.js"
			},
			"engines": {
				"node": ">=12.0.0",
				"npm": ">=5.6.0"
			}
		},
		"node_modules/uc.micro": {
			"version": "1.0.6",
			"resolved": "https://registry.npmjs.org/uc.micro/-/uc.micro-1.0.6.tgz",
			"integrity": "sha512-8Y75pvTYkLJW2hWQHXxoqRgV7qb9B+9vFEtidML+7koHUFapnVJAZ6cKs+Qjz5Aw3aZWHMC6u0wJE3At+nSGwA=="
		},
		"node_modules/xml-js": {
			"version": "1.6.11",
			"resolved": "https://registry.npmjs.org/xml-js/-/xml-js-1.6.11.tgz",
			"integrity": "sha512-7rVi2KMfwfWFl+GpPg6m80IVMWXLRjO+PxTq7V2CDhoGak0wzYzFgUY2m4XJ47OGdXd8eLE8EmwfAmdjw7lC1g==",
			"dependencies": {
				"sax": "^1.2.4"
			},
			"bin": {
				"xml-js": "bin/cli.js"
			}
		}
	}
}
